
Microsoft Visual Studio Solution File, Format Version 12.00
# Visual Studio Version 17
VisualStudioVersion = 17.0.31903.59
MinimumVisualStudioVersion = 10.0.40219.1
Project("{FAE04EC0-301F-11D3-BF4B-00C04F79EFBC}") = "IsPrime_bbb923e763", "IsPrime_bbb923e763\IsPrime_bbb923e763.csproj", "{393FE685-AE19-42DF-83B5-4309344DC1F4}"
EndProject
Global
	GlobalSection(SolutionConfigurationPlatforms) = preSolution
		Debug|Any CPU = Debug|Any CPU
		Release|Any CPU = Release|Any CPU
	EndGlobalSection
	GlobalSection(SolutionProperties) = preSolution
		HideSolutionNode = FALSE
	EndGlobalSection
	GlobalSection(ProjectConfigurationPlatforms) = postSolution
		{393FE685-AE19-42DF-83B5-4309344DC1F4}.Debug|Any CPU.ActiveCfg = Debug|Any CPU
		{393FE685-AE19-42DF-83B5-4309344DC1F4}.Debug|Any CPU.Build.0 = Debug|Any CPU
		{393FE685-AE19-42DF-83B5-4309344DC1F4}.Release|Any CPU.ActiveCfg = Release|Any CPU
		{393FE685-AE19-42DF-83B5-4309344DC1F4}.Release|Any CPU.Build.0 = Release|Any CPU
	EndGlobalSection
EndGlobal
